
Microsoft Visual Studio Solution File, Format Version 12.00
# Visual Studio 15
VisualStudioVersion = 15.0.26124.0
MinimumVisualStudioVersion = 15.0.26124.0
Project("{FAE04EC0-301F-11D3-BF4B-00C04F79EFBC}") = "blueBook", "blueBook\blueBook.csproj", "{A0FF6A6A-1EC0-4E87-BEA8-64D57640DB64}"
EndProject
Project("{FAE04EC0-301F-11D3-BF4B-00C04F79EFBC}") = "Contracts", "Contracts\Contracts.csproj", "{865AFFB8-3DD2-40F3-A526-D9C2B69D77AB}"
EndProject
Project("{FAE04EC0-301F-11D3-BF4B-00C04F79EFBC}") = "LoggerService", "LoggerService\LoggerService.csproj", "{3AEC6E46-8D04-4AB2-965E-BD128EBC9381}"
EndProject
Global
	GlobalSection(SolutionConfigurationPlatforms) = preSolution
		Debug|Any CPU = Debug|Any CPU
		Debug|x64 = Debug|x64
		Debug|x86 = Debug|x86
		Release|Any CPU = Release|Any CPU
		Release|x64 = Release|x64
		Release|x86 = Release|x86
	EndGlobalSection
	GlobalSection(SolutionProperties) = preSolution
		HideSolutionNode = FALSE
	EndGlobalSection
	GlobalSection(ProjectConfigurationPlatforms) = postSolution
		{A0FF6A6A-1EC0-4E87-BEA8-64D57640DB64}.Debug|Any CPU.ActiveCfg = Debug|Any CPU
		{A0FF6A6A-1EC0-4E87-BEA8-64D57640DB64}.Debug|Any CPU.Build.0 = Debug|Any CPU
		{A0FF6A6A-1EC0-4E87-BEA8-64D57640DB64}.Debug|x64.ActiveCfg = Debug|Any CPU
		{A0FF6A6A-1EC0-4E87-BEA8-64D57640DB64}.Debug|x64.Build.0 = Debug|Any CPU
		{A0FF6A6A-1EC0-4E87-BEA8-64D57640DB64}.Debug|x86.ActiveCfg = Debug|Any CPU
		{A0FF6A6A-1EC0-4E87-BEA8-64D57640DB64}.Debug|x86.Build.0 = Debug|Any CPU
		{A0FF6A6A-1EC0-4E87-BEA8-64D57640DB64}.Release|Any CPU.ActiveCfg = Release|Any CPU
		{A0FF6A6A-1EC0-4E87-BEA8-64D57640DB64}.Release|Any CPU.Build.0 = Release|Any CPU
		{A0FF6A6A-1EC0-4E87-BEA8-64D57640DB64}.Release|x64.ActiveCfg = Release|Any CPU
		{A0FF6A6A-1EC0-4E87-BEA8-64D57640DB64}.Release|x64.Build.0 = Release|Any CPU
		{A0FF6A6A-1EC0-4E87-BEA8-64D57640DB64}.Release|x86.ActiveCfg = Release|Any CPU
		{A0FF6A6A-1EC0-4E87-BEA8-64D57640DB64}.Release|x86.Build.0 = Release|Any CPU
		{865AFFB8-3DD2-40F3-A526-D9C2B69D77AB}.Debug|Any CPU.ActiveCfg = Debug|Any CPU
		{865AFFB8-3DD2-40F3-A526-D9C2B69D77AB}.Debug|Any CPU.Build.0 = Debug|Any CPU
		{865AFFB8-3DD2-40F3-A526-D9C2B69D77AB}.Debug|x64.ActiveCfg = Debug|Any CPU
		{865AFFB8-3DD2-40F3-A526-D9C2B69D77AB}.Debug|x64.Build.0 = Debug|Any CPU
		{865AFFB8-3DD2-40F3-A526-D9C2B69D77AB}.Debug|x86.ActiveCfg = Debug|Any CPU
		{865AFFB8-3DD2-40F3-A526-D9C2B69D77AB}.Debug|x86.Build.0 = Debug|Any CPU
		{865AFFB8-3DD2-40F3-A526-D9C2B69D77AB}.Release|Any CPU.ActiveCfg = Release|Any CPU
		{865AFFB8-3DD2-40F3-A526-D9C2B69D77AB}.Release|Any CPU.Build.0 = Release|Any CPU
		{865AFFB8-3DD2-40F3-A526-D9C2B69D77AB}.Release|x64.ActiveCfg = Release|Any CPU
		{865AFFB8-3DD2-40F3-A526-D9C2B69D77AB}.Release|x64.Build.0 = Release|Any CPU
		{865AFFB8-3DD2-40F3-A526-D9C2B69D77AB}.Release|x86.ActiveCfg = Release|Any CPU
		{865AFFB8-3DD2-40F3-A526-D9C2B69D77AB}.Release|x86.Build.0 = Release|Any CPU
		{3AEC6E46-8D04-4AB2-965E-BD128EBC9381}.Debug|Any CPU.ActiveCfg = Debug|Any CPU
		{3AEC6E46-8D04-4AB2-965E-BD128EBC9381}.Debug|Any CPU.Build.0 = Debug|Any CPU
		{3AEC6E46-8D04-4AB2-965E-BD128EBC9381}.Debug|x64.ActiveCfg = Debug|Any CPU
		{3AEC6E46-8D04-4AB2-965E-BD128EBC9381}.Debug|x64.Build.0 = Debug|Any CPU
		{3AEC6E46-8D04-4AB2-965E-BD128EBC9381}.Debug|x86.ActiveCfg = Debug|Any CPU
		{3AEC6E46-8D04-4AB2-965E-BD128EBC9381}.Debug|x86.Build.0 = Debug|Any CPU
		{3AEC6E46-8D04-4AB2-965E-BD128EBC9381}.Release|Any CPU.ActiveCfg = Release|Any CPU
		{3AEC6E46-8D04-4AB2-965E-BD128EBC9381}.Release|Any CPU.Build.0 = Release|Any CPU
		{3AEC6E46-8D04-4AB2-965E-BD128EBC9381}.Release|x64.ActiveCfg = Release|Any CPU
		{3AEC6E46-8D04-4AB2-965E-BD128EBC9381}.Release|x64.Build.0 = Release|Any CPU
		{3AEC6E46-8D04-4AB2-965E-BD128EBC9381}.Release|x86.ActiveCfg = Release|Any CPU
		{3AEC6E46-8D04-4AB2-965E-BD128EBC9381}.Release|x86.Build.0 = Release|Any CPU
	EndGlobalSection
EndGlobal
